
Microsoft Visual Studio Solution File, Format Version 12.00
# Visual Studio 15
VisualStudioVersion = 15.0.27703.2042
MinimumVisualStudioVersion = 10.0.40219.1
Project("{FAE04EC0-301F-11D3-BF4B-00C04F79EFBC}") = "SliderControl", "SliderControl\SliderControl.csproj", "{FA611856-E681-4CFF-9C98-C78DE2525502}"
EndProject
Project("{FAE04EC0-301F-11D3-BF4B-00C04F79EFBC}") = "TestLibrary", "TestLibrary\TestLibrary.csproj", "{9047079E-86F3-4063-AE1A-EA8E7DD38B5F}"
EndProject
Global
	GlobalSection(SolutionConfigurationPlatforms) = preSolution
		Debug|Any CPU = Debug|Any CPU
		Release|Any CPU = Release|Any CPU
	EndGlobalSection
	GlobalSection(ProjectConfigurationPlatforms) = postSolution
		{FA611856-E681-4CFF-9C98-C78DE2525502}.Debug|Any CPU.ActiveCfg = Debug|Any CPU
		{FA611856-E681-4CFF-9C98-C78DE2525502}.Debug|Any CPU.Build.0 = Debug|Any CPU
		{FA611856-E681-4CFF-9C98-C78DE2525502}.Release|Any CPU.ActiveCfg = Release|Any CPU
		{FA611856-E681-4CFF-9C98-C78DE2525502}.Release|Any CPU.Build.0 = Release|Any CPU
		{9047079E-86F3-4063-AE1A-EA8E7DD38B5F}.Debug|Any CPU.ActiveCfg = Debug|Any CPU
		{9047079E-86F3-4063-AE1A-EA8E7DD38B5F}.Debug|Any CPU.Build.0 = Debug|Any CPU
		{9047079E-86F3-4063-AE1A-EA8E7DD38B5F}.Release|Any CPU.ActiveCfg = Release|Any CPU
		{9047079E-86F3-4063-AE1A-EA8E7DD38B5F}.Release|Any CPU.Build.0 = Release|Any CPU
	EndGlobalSection
	GlobalSection(SolutionProperties) = preSolution
		HideSolutionNode = FALSE
	EndGlobalSection
	GlobalSection(ExtensibilityGlobals) = postSolution
		SolutionGuid = {B250E50A-60C9-46F7-8228-7ECF1FC1E207}
	EndGlobalSection
EndGlobal
